
Microsoft Visual Studio Solution File, Format Version 12.00
# Visual Studio 15
Project("{FAE04EC0-301F-11D3-BF4B-00C04F79EFBC}") = "Traveler", "Assembly-CSharp.csproj", "{6F66B41E-0F41-65E9-55BA-AA1A76C38AAA}"
EndProject
Project("{FAE04EC0-301F-11D3-BF4B-00C04F79EFBC}") = "Traveler", "Assembly-CSharp-Editor.csproj", "{6E378F93-90D0-65C8-8E20-18085A0738DD}"
EndProject
Global
	GlobalSection(SolutionConfigurationPlatforms) = preSolution
		Debug|Any CPU = Debug|Any CPU
		Release|Any CPU = Release|Any CPU
	EndGlobalSection
	GlobalSection(ProjectConfigurationPlatforms) = postSolution
		{6F66B41E-0F41-65E9-55BA-AA1A76C38AAA}.Debug|Any CPU.ActiveCfg = Debug|Any CPU
		{6F66B41E-0F41-65E9-55BA-AA1A76C38AAA}.Debug|Any CPU.Build.0 = Debug|Any CPU
		{6F66B41E-0F41-65E9-55BA-AA1A76C38AAA}.Release|Any CPU.ActiveCfg = Release|Any CPU
		{6F66B41E-0F41-65E9-55BA-AA1A76C38AAA}.Release|Any CPU.Build.0 = Release|Any CPU
		{6E378F93-90D0-65C8-8E20-18085A0738DD}.Debug|Any CPU.ActiveCfg = Debug|Any CPU
		{6E378F93-90D0-65C8-8E20-18085A0738DD}.Debug|Any CPU.Build.0 = Debug|Any CPU
		{6E378F93-90D0-65C8-8E20-18085A0738DD}.Release|Any CPU.ActiveCfg = Release|Any CPU
		{6E378F93-90D0-65C8-8E20-18085A0738DD}.Release|Any CPU.Build.0 = Release|Any CPU
	EndGlobalSection
	GlobalSection(SolutionProperties) = preSolution
		HideSolutionNode = FALSE
	EndGlobalSection
EndGlobal
